// !$*UTF8*$!
{
	archiveVersion = 1;
	classes = {
	};
	objectVersion = 56;
	objects = {

/* Begin PBXBuildFile section */
		9E353DAA291E5E6400290054 /* AppDelegate.swift in Sources */ = {isa = PBXBuildFile; fileRef = 9E353DA9291E5E6400290054 /* AppDelegate.swift */; };
		9E353DAC291E5E6400290054 /* SceneDelegate.swift in Sources */ = {isa = PBXBuildFile; fileRef = 9E353DAB291E5E6400290054 /* SceneDelegate.swift */; };
		9E353DAE291E5E6400290054 /* TaskListViewController.swift in Sources */ = {isa = PBXBuildFile; fileRef = 9E353DAD291E5E6400290054 /* TaskListViewController.swift */; };
		9E353DB1291E5E6400290054 /* Main.storyboard in Resources */ = {isa = PBXBuildFile; fileRef = 9E353DAF291E5E6400290054 /* Main.storyboard */; };
		9E353DB3291E5E6600290054 /* Assets.xcassets in Resources */ = {isa = PBXBuildFile; fileRef = 9E353DB2291E5E6600290054 /* Assets.xcassets */; };
		9E353DB6291E5E6600290054 /* LaunchScreen.storyboard in Resources */ = {isa = PBXBuildFile; fileRef = 9E353DB4291E5E6600290054 /* LaunchScreen.storyboard */; };
		9E353DC1291E5E6600290054 /* ToDoApp_Tests_Tests.swift in Sources */ = {isa = PBXBuildFile; fileRef = 9E353DC0291E5E6600290054 /* ToDoApp_Tests_Tests.swift */; };
		9E353DCB291E5E6600290054 /* ToDoApp_Tests_UITests.swift in Sources */ = {isa = PBXBuildFile; fileRef = 9E353DCA291E5E6600290054 /* ToDoApp_Tests_UITests.swift */; };
		9E353DCD291E5E6600290054 /* ToDoApp_Tests_UITestsLaunchTests.swift in Sources */ = {isa = PBXBuildFile; fileRef = 9E353DCC291E5E6600290054 /* ToDoApp_Tests_UITestsLaunchTests.swift */; };
		9E353DDE291E60F600290054 /* TaskTests.swift in Sources */ = {isa = PBXBuildFile; fileRef = 9E353DDD291E60F600290054 /* TaskTests.swift */; };
		9E353DE1291E618E00290054 /* Task.swift in Sources */ = {isa = PBXBuildFile; fileRef = 9E353DE0291E618E00290054 /* Task.swift */; };
		9E353DE3291E65B500290054 /* Location.swift in Sources */ = {isa = PBXBuildFile; fileRef = 9E353DE2291E65B500290054 /* Location.swift */; };
		9E353DE5291E69CD00290054 /* LocationTests.swift in Sources */ = {isa = PBXBuildFile; fileRef = 9E353DE4291E69CD00290054 /* LocationTests.swift */; };
		9E353DE8291E73CF00290054 /* TaskManagerTests.swift in Sources */ = {isa = PBXBuildFile; fileRef = 9E353DE7291E73CF00290054 /* TaskManagerTests.swift */; };
		9E353DEB291E742900290054 /* TaskManager.swift in Sources */ = {isa = PBXBuildFile; fileRef = 9E353DEA291E742900290054 /* TaskManager.swift */; };
		9E353DEE2921FEF400290054 /* .gitignore in Resources */ = {isa = PBXBuildFile; fileRef = 9E353DED2921FEF400290054 /* .gitignore */; };
		9E353DF12922030700290054 /* TaskListViewControllerTests.swift in Sources */ = {isa = PBXBuildFile; fileRef = 9E353DF02922030700290054 /* TaskListViewControllerTests.swift */; };
		9E353DF3292211C400290054 /* DataProvider.swift in Sources */ = {isa = PBXBuildFile; fileRef = 9E353DF2292211C400290054 /* DataProvider.swift */; };
		9E353DF5292214A700290054 /* DataProviderTests.swift in Sources */ = {isa = PBXBuildFile; fileRef = 9E353DF4292214A700290054 /* DataProviderTests.swift */; };
		9E353DF72922209F00290054 /* TaskCell.swift in Sources */ = {isa = PBXBuildFile; fileRef = 9E353DF62922209F00290054 /* TaskCell.swift */; };
		9E353DFA292289EF00290054 /* TaskCellTests.swift in Sources */ = {isa = PBXBuildFile; fileRef = 9E353DF9292289EF00290054 /* TaskCellTests.swift */; };
		9E353DFC29236D9400290054 /* DetailViewControllerTests.swift in Sources */ = {isa = PBXBuildFile; fileRef = 9E353DFB29236D9400290054 /* DetailViewControllerTests.swift */; };
		9E353DFE29236E2E00290054 /* DetailViewController.swift in Sources */ = {isa = PBXBuildFile; fileRef = 9E353DFD29236E2E00290054 /* DetailViewController.swift */; };
		9E353E0329239C5B00290054 /* NewTaskViewController.swift in Sources */ = {isa = PBXBuildFile; fileRef = 9E353E0229239C5B00290054 /* NewTaskViewController.swift */; };
		9E353E412924C66600290054 /* APIClientTest.swift in Sources */ = {isa = PBXBuildFile; fileRef = 9E353E402924C66600290054 /* APIClientTest.swift */; };
		9E353E432924C79900290054 /* APIClient.swift in Sources */ = {isa = PBXBuildFile; fileRef = 9E353E422924C79900290054 /* APIClient.swift */; };
		9EF498FD292BE7090034CCBC /* String +Extensions.swift in Sources */ = {isa = PBXBuildFile; fileRef = 9EF498FC292BE7090034CCBC /* String +Extensions.swift */; };
		9EF498FF292BE75E0034CCBC /* NewTaskViewControllerTests.swift in Sources */ = {isa = PBXBuildFile; fileRef = 9EF498FE292BE75E0034CCBC /* NewTaskViewControllerTests.swift */; };
/* End PBXBuildFile section */

/* Begin PBXContainerItemProxy section */
		9E353DBD291E5E6600290054 /* PBXContainerItemProxy */ = {
			isa = PBXContainerItemProxy;
			containerPortal = 9E353D9E291E5E6400290054 /* Project object */;
			proxyType = 1;
			remoteGlobalIDString = 9E353DA5291E5E6400290054;
			remoteInfo = "ToDoApp(Tests)";
		};
		9E353DC7291E5E6600290054 /* PBXContainerItemProxy */ = {
			isa = PBXContainerItemProxy;
			containerPortal = 9E353D9E291E5E6400290054 /* Project object */;
			proxyType = 1;
			remoteGlobalIDString = 9E353DA5291E5E6400290054;
			remoteInfo = "ToDoApp(Tests)";
		};
/* End PBXContainerItemProxy section */

/* Begin PBXFileReference section */
		9E353DA6291E5E6400290054 /* ToDoApp(Tests).app */ = {isa = PBXFileReference; explicitFileType = wrapper.application; includeInIndex = 0; path = "ToDoApp(Tests).app"; sourceTree = BUILT_PRODUCTS_DIR; };
		9E353DA9291E5E6400290054 /* AppDelegate.swift */ = {isa = PBXFileReference; lastKnownFileType = sourcecode.swift; path = AppDelegate.swift; sourceTree = "<group>"; };
		9E353DAB291E5E6400290054 /* SceneDelegate.swift */ = {isa = PBXFileReference; lastKnownFileType = sourcecode.swift; path = SceneDelegate.swift; sourceTree = "<group>"; };
		9E353DAD291E5E6400290054 /* TaskListViewController.swift */ = {isa = PBXFileReference; lastKnownFileType = sourcecode.swift; path = TaskListViewController.swift; sourceTree = "<group>"; };
		9E353DB0291E5E6400290054 /* Base */ = {isa = PBXFileReference; lastKnownFileType = file.storyboard; name = Base; path = Base.lproj/Main.storyboard; sourceTree = "<group>"; };
		9E353DB2291E5E6600290054 /* Assets.xcassets */ = {isa = PBXFileReference; lastKnownFileType = folder.assetcatalog; path = Assets.xcassets; sourceTree = "<group>"; };
		9E353DB5291E5E6600290054 /* Base */ = {isa = PBXFileReference; lastKnownFileType = file.storyboard; name = Base; path = Base.lproj/LaunchScreen.storyboard; sourceTree = "<group>"; };
		9E353DB7291E5E6600290054 /* Info.plist */ = {isa = PBXFileReference; lastKnownFileType = text.plist.xml; path = Info.plist; sourceTree = "<group>"; };
		9E353DBC291E5E6600290054 /* ToDoApp(Tests)Tests.xctest */ = {isa = PBXFileReference; explicitFileType = wrapper.cfbundle; includeInIndex = 0; path = "ToDoApp(Tests)Tests.xctest"; sourceTree = BUILT_PRODUCTS_DIR; };
		9E353DC0291E5E6600290054 /* ToDoApp_Tests_Tests.swift */ = {isa = PBXFileReference; lastKnownFileType = sourcecode.swift; path = ToDoApp_Tests_Tests.swift; sourceTree = "<group>"; };
		9E353DC6291E5E6600290054 /* ToDoApp(Tests)UITests.xctest */ = {isa = PBXFileReference; explicitFileType = wrapper.cfbundle; includeInIndex = 0; path = "ToDoApp(Tests)UITests.xctest"; sourceTree = BUILT_PRODUCTS_DIR; };
		9E353DCA291E5E6600290054 /* ToDoApp_Tests_UITests.swift */ = {isa = PBXFileReference; lastKnownFileType = sourcecode.swift; path = ToDoApp_Tests_UITests.swift; sourceTree = "<group>"; };
		9E353DCC291E5E6600290054 /* ToDoApp_Tests_UITestsLaunchTests.swift */ = {isa = PBXFileReference; lastKnownFileType = sourcecode.swift; path = ToDoApp_Tests_UITestsLaunchTests.swift; sourceTree = "<group>"; };
		9E353DDD291E60F600290054 /* TaskTests.swift */ = {isa = PBXFileReference; lastKnownFileType = sourcecode.swift; path = TaskTests.swift; sourceTree = "<group>"; };
		9E353DE0291E618E00290054 /* Task.swift */ = {isa = PBXFileReference; lastKnownFileType = sourcecode.swift; path = Task.swift; sourceTree = "<group>"; };
		9E353DE2291E65B500290054 /* Location.swift */ = {isa = PBXFileReference; lastKnownFileType = sourcecode.swift; path = Location.swift; sourceTree = "<group>"; };
		9E353DE4291E69CD00290054 /* LocationTests.swift */ = {isa = PBXFileReference; lastKnownFileType = sourcecode.swift; path = LocationTests.swift; sourceTree = "<group>"; };
		9E353DE7291E73CF00290054 /* TaskManagerTests.swift */ = {isa = PBXFileReference; lastKnownFileType = sourcecode.swift; path = TaskManagerTests.swift; sourceTree = "<group>"; };
		9E353DEA291E742900290054 /* TaskManager.swift */ = {isa = PBXFileReference; lastKnownFileType = sourcecode.swift; path = TaskManager.swift; sourceTree = "<group>"; };
		9E353DEC2921FE6100290054 /* Readme.md */ = {isa = PBXFileReference; lastKnownFileType = net.daringfireball.markdown; path = Readme.md; sourceTree = "<group>"; };
		9E353DED2921FEF400290054 /* .gitignore */ = {isa = PBXFileReference; lastKnownFileType = text; path = .gitignore; sourceTree = "<group>"; };
		9E353DF02922030700290054 /* TaskListViewControllerTests.swift */ = {isa = PBXFileReference; lastKnownFileType = sourcecode.swift; path = TaskListViewControllerTests.swift; sourceTree = "<group>"; };
		9E353DF2292211C400290054 /* DataProvider.swift */ = {isa = PBXFileReference; lastKnownFileType = sourcecode.swift; path = DataProvider.swift; sourceTree = "<group>"; };
		9E353DF4292214A700290054 /* DataProviderTests.swift */ = {isa = PBXFileReference; lastKnownFileType = sourcecode.swift; path = DataProviderTests.swift; sourceTree = "<group>"; };
		9E353DF62922209F00290054 /* TaskCell.swift */ = {isa = PBXFileReference; lastKnownFileType = sourcecode.swift; path = TaskCell.swift; sourceTree = "<group>"; };
		9E353DF9292289EF00290054 /* TaskCellTests.swift */ = {isa = PBXFileReference; lastKnownFileType = sourcecode.swift; path = TaskCellTests.swift; sourceTree = "<group>"; };
		9E353DFB29236D9400290054 /* DetailViewControllerTests.swift */ = {isa = PBXFileReference; lastKnownFileType = sourcecode.swift; path = DetailViewControllerTests.swift; sourceTree = "<group>"; };
		9E353DFD29236E2E00290054 /* DetailViewController.swift */ = {isa = PBXFileReference; lastKnownFileType = sourcecode.swift; path = DetailViewController.swift; sourceTree = "<group>"; };
		9E353E0229239C5B00290054 /* NewTaskViewController.swift */ = {isa = PBXFileReference; lastKnownFileType = sourcecode.swift; path = NewTaskViewController.swift; sourceTree = "<group>"; };
		9E353E402924C66600290054 /* APIClientTest.swift */ = {isa = PBXFileReference; lastKnownFileType = sourcecode.swift; path = APIClientTest.swift; sourceTree = "<group>"; };
		9E353E422924C79900290054 /* APIClient.swift */ = {isa = PBXFileReference; lastKnownFileType = sourcecode.swift; path = APIClient.swift; sourceTree = "<group>"; };
		9EF498FC292BE7090034CCBC /* String +Extensions.swift */ = {isa = PBXFileReference; lastKnownFileType = sourcecode.swift; path = "String +Extensions.swift"; sourceTree = "<group>"; };
		9EF498FE292BE75E0034CCBC /* NewTaskViewControllerTests.swift */ = {isa = PBXFileReference; lastKnownFileType = sourcecode.swift; path = NewTaskViewControllerTests.swift; sourceTree = "<group>"; };
/* End PBXFileReference section */

/* Begin PBXFrameworksBuildPhase section */
		9E353DA3291E5E6400290054 /* Frameworks */ = {
			isa = PBXFrameworksBuildPhase;
			buildActionMask = 2147483647;
			files = (
			);
			runOnlyForDeploymentPostprocessing = 0;
		};
		9E353DB9291E5E6600290054 /* Frameworks */ = {
			isa = PBXFrameworksBuildPhase;
			buildActionMask = 2147483647;
			files = (
			);
			runOnlyForDeploymentPostprocessing = 0;
		};
		9E353DC3291E5E6600290054 /* Frameworks */ = {
			isa = PBXFrameworksBuildPhase;
			buildActionMask = 2147483647;
			files = (
			);
			runOnlyForDeploymentPostprocessing = 0;
		};
/* End PBXFrameworksBuildPhase section */

/* Begin PBXGroup section */
		9E353D9D291E5E6400290054 = {
			isa = PBXGroup;
			children = (
				9E353DED2921FEF400290054 /* .gitignore */,
				9E353DEC2921FE6100290054 /* Readme.md */,
				9E353DA8291E5E6400290054 /* ToDoApp(Tests) */,
				9E353DBF291E5E6600290054 /* ToDoApp(Tests)Tests */,
				9E353DC9291E5E6600290054 /* ToDoApp(Tests)UITests */,
				9E353DA7291E5E6400290054 /* Products */,
			);
			sourceTree = "<group>";
		};
		9E353DA7291E5E6400290054 /* Products */ = {
			isa = PBXGroup;
			children = (
				9E353DA6291E5E6400290054 /* ToDoApp(Tests).app */,
				9E353DBC291E5E6600290054 /* ToDoApp(Tests)Tests.xctest */,
				9E353DC6291E5E6600290054 /* ToDoApp(Tests)UITests.xctest */,
			);
			name = Products;
			sourceTree = "<group>";
		};
		9E353DA8291E5E6400290054 /* ToDoApp(Tests) */ = {
			isa = PBXGroup;
			children = (
				9E353E442924E61600290054 /* Extensions */,
				9E353DE9291E741200290054 /* Manager */,
				9E353DDB291E5E9D00290054 /* Controllers */,
				9E353DDA291E5E9600290054 /* Views */,
				9E353DD9291E5E9100290054 /* Model */,
				9E353DA9291E5E6400290054 /* AppDelegate.swift */,
				9E353DDC291E5EC200290054 /* Supporting Files */,
			);
			path = "ToDoApp(Tests)";
			sourceTree = "<group>";
		};
		9E353DBF291E5E6600290054 /* ToDoApp(Tests)Tests */ = {
			isa = PBXGroup;
			children = (
				9E353DF8292289E300290054 /* View */,
				9E353DEF292202E500290054 /* Controllers */,
				9E353DE6291E73BD00290054 /* Manager */,
				9E353DDF291E610000290054 /* Model */,
				9E353E48292620B300290054 /* Supporting files */,
			);
			path = "ToDoApp(Tests)Tests";
			sourceTree = "<group>";
		};
		9E353DC9291E5E6600290054 /* ToDoApp(Tests)UITests */ = {
			isa = PBXGroup;
			children = (
				9E353DCA291E5E6600290054 /* ToDoApp_Tests_UITests.swift */,
				9E353DCC291E5E6600290054 /* ToDoApp_Tests_UITestsLaunchTests.swift */,
			);
			path = "ToDoApp(Tests)UITests";
			sourceTree = "<group>";
		};
		9E353DD9291E5E9100290054 /* Model */ = {
			isa = PBXGroup;
			children = (
				9E353DE0291E618E00290054 /* Task.swift */,
				9E353DE2291E65B500290054 /* Location.swift */,
			);
			path = Model;
			sourceTree = "<group>";
		};
		9E353DDA291E5E9600290054 /* Views */ = {
			isa = PBXGroup;
			children = (
				9E353DAF291E5E6400290054 /* Main.storyboard */,
				9E353DB4291E5E6600290054 /* LaunchScreen.storyboard */,
			);
			path = Views;
			sourceTree = "<group>";
		};
		9E353DDB291E5E9D00290054 /* Controllers */ = {
			isa = PBXGroup;
			children = (
				9E353DAD291E5E6400290054 /* TaskListViewController.swift */,
				9E353DF2292211C400290054 /* DataProvider.swift */,
				9E353DFD29236E2E00290054 /* DetailViewController.swift */,
				9E353E0229239C5B00290054 /* NewTaskViewController.swift */,
				9E353E012923990500290054 /* Custom */,
			);
			path = Controllers;
			sourceTree = "<group>";
		};
		9E353DDC291E5EC200290054 /* Supporting Files */ = {
			isa = PBXGroup;
			children = (
				9E353DAB291E5E6400290054 /* SceneDelegate.swift */,
				9E353DB2291E5E6600290054 /* Assets.xcassets */,
				9E353DB7291E5E6600290054 /* Info.plist */,
			);
			path = "Supporting Files";
			sourceTree = "<group>";
		};
		9E353DDF291E610000290054 /* Model */ = {
			isa = PBXGroup;
			children = (
				9E353DDD291E60F600290054 /* TaskTests.swift */,
				9E353DE4291E69CD00290054 /* LocationTests.swift */,
			);
			path = Model;
			sourceTree = "<group>";
		};
		9E353DE6291E73BD00290054 /* Manager */ = {
			isa = PBXGroup;
			children = (
				9E353DE7291E73CF00290054 /* TaskManagerTests.swift */,
				9E353E402924C66600290054 /* APIClientTest.swift */,
			);
			path = Manager;
			sourceTree = "<group>";
		};
		9E353DE9291E741200290054 /* Manager */ = {
			isa = PBXGroup;
			children = (
				9E353DEA291E742900290054 /* TaskManager.swift */,
				9E353E422924C79900290054 /* APIClient.swift */,
			);
			path = Manager;
			sourceTree = "<group>";
		};
		9E353DEF292202E500290054 /* Controllers */ = {
			isa = PBXGroup;
			children = (
				9E353DF02922030700290054 /* TaskListViewControllerTests.swift */,
				9E353DF4292214A700290054 /* DataProviderTests.swift */,
				9E353DFB29236D9400290054 /* DetailViewControllerTests.swift */,
				9EF498FE292BE75E0034CCBC /* NewTaskViewControllerTests.swift */,
			);
			path = Controllers;
			sourceTree = "<group>";
		};
		9E353DF8292289E300290054 /* View */ = {
			isa = PBXGroup;
			children = (
				9E353DF9292289EF00290054 /* TaskCellTests.swift */,
			);
			path = View;
			sourceTree = "<group>";
		};
		9E353E012923990500290054 /* Custom */ = {
			isa = PBXGroup;
			children = (
				9E353DF62922209F00290054 /* TaskCell.swift */,
			);
			path = Custom;
			sourceTree = "<group>";
		};
		9E353E442924E61600290054 /* Extensions */ = {
			isa = PBXGroup;
			children = (
				9EF498FC292BE7090034CCBC /* String +Extensions.swift */,
			);
			path = Extensions;
			sourceTree = "<group>";
		};
		9E353E48292620B300290054 /* Supporting files */ = {
			isa = PBXGroup;
			children = (
				9E353DC0291E5E6600290054 /* ToDoApp_Tests_Tests.swift */,
			);
			path = "Supporting files";
			sourceTree = "<group>";
		};
/* End PBXGroup section */

/* Begin PBXNativeTarget section */
		9E353DA5291E5E6400290054 /* ToDoApp(Tests) */ = {
			isa = PBXNativeTarget;
			buildConfigurationList = 9E353DD0291E5E6600290054 /* Build configuration list for PBXNativeTarget "ToDoApp(Tests)" */;
			buildPhases = (
				9E353DA2291E5E6400290054 /* Sources */,
				9E353DA3291E5E6400290054 /* Frameworks */,
				9E353DA4291E5E6400290054 /* Resources */,
			);
			buildRules = (
			);
			dependencies = (
			);
			name = "ToDoApp(Tests)";
			productName = "ToDoApp(Tests)";
			productReference = 9E353DA6291E5E6400290054 /* ToDoApp(Tests).app */;
			productType = "com.apple.product-type.application";
		};
		9E353DBB291E5E6600290054 /* ToDoApp(Tests)Tests */ = {
			isa = PBXNativeTarget;
			buildConfigurationList = 9E353DD3291E5E6600290054 /* Build configuration list for PBXNativeTarget "ToDoApp(Tests)Tests" */;
			buildPhases = (
				9E353DB8291E5E6600290054 /* Sources */,
				9E353DB9291E5E6600290054 /* Frameworks */,
				9E353DBA291E5E6600290054 /* Resources */,
			);
			buildRules = (
			);
			dependencies = (
				9E353DBE291E5E6600290054 /* PBXTargetDependency */,
			);
			name = "ToDoApp(Tests)Tests";
			productName = "ToDoApp(Tests)Tests";
			productReference = 9E353DBC291E5E6600290054 /* ToDoApp(Tests)Tests.xctest */;
			productType = "com.apple.product-type.bundle.unit-test";
		};
		9E353DC5291E5E6600290054 /* ToDoApp(Tests)UITests */ = {
			isa = PBXNativeTarget;
			buildConfigurationList = 9E353DD6291E5E6600290054 /* Build configuration list for PBXNativeTarget "ToDoApp(Tests)UITests" */;
			buildPhases = (
				9E353DC2291E5E6600290054 /* Sources */,
				9E353DC3291E5E6600290054 /* Frameworks */,
				9E353DC4291E5E6600290054 /* Resources */,
			);
			buildRules = (
			);
			dependencies = (
				9E353DC8291E5E6600290054 /* PBXTargetDependency */,
			);
			name = "ToDoApp(Tests)UITests";
			productName = "ToDoApp(Tests)UITests";
			productReference = 9E353DC6291E5E6600290054 /* ToDoApp(Tests)UITests.xctest */;
			productType = "com.apple.product-type.bundle.ui-testing";
		};
/* End PBXNativeTarget section */

/* Begin PBXProject section */
		9E353D9E291E5E6400290054 /* Project object */ = {
			isa = PBXProject;
			attributes = {
				BuildIndependentTargetsInParallel = 1;
				LastSwiftUpdateCheck = 1410;
				LastUpgradeCheck = 1410;
				TargetAttributes = {
					9E353DA5291E5E6400290054 = {
						CreatedOnToolsVersion = 14.1;
					};
					9E353DBB291E5E6600290054 = {
						CreatedOnToolsVersion = 14.1;
						TestTargetID = 9E353DA5291E5E6400290054;
					};
					9E353DC5291E5E6600290054 = {
						CreatedOnToolsVersion = 14.1;
						TestTargetID = 9E353DA5291E5E6400290054;
					};
				};
			};
			buildConfigurationList = 9E353DA1291E5E6400290054 /* Build configuration list for PBXProject "ToDoApp(Tests)" */;
			compatibilityVersion = "Xcode 14.0";
			developmentRegion = en;
			hasScannedForEncodings = 0;
			knownRegions = (
				en,
				Base,
			);
			mainGroup = 9E353D9D291E5E6400290054;
			productRefGroup = 9E353DA7291E5E6400290054 /* Products */;
			projectDirPath = "";
			projectRoot = "";
			targets = (
				9E353DA5291E5E6400290054 /* ToDoApp(Tests) */,
				9E353DBB291E5E6600290054 /* ToDoApp(Tests)Tests */,
				9E353DC5291E5E6600290054 /* ToDoApp(Tests)UITests */,
			);
		};
/* End PBXProject section */

/* Begin PBXResourcesBuildPhase section */
		9E353DA4291E5E6400290054 /* Resources */ = {
			isa = PBXResourcesBuildPhase;
			buildActionMask = 2147483647;
			files = (
				9E353DEE2921FEF400290054 /* .gitignore in Resources */,
				9E353DB6291E5E6600290054 /* LaunchScreen.storyboard in Resources */,
				9E353DB3291E5E6600290054 /* Assets.xcassets in Resources */,
				9E353DB1291E5E6400290054 /* Main.storyboard in Resources */,
			);
			runOnlyForDeploymentPostprocessing = 0;
		};
		9E353DBA291E5E6600290054 /* Resources */ = {
			isa = PBXResourcesBuildPhase;
			buildActionMask = 2147483647;
			files = (
			);
			runOnlyForDeploymentPostprocessing = 0;
		};
		9E353DC4291E5E6600290054 /* Resources */ = {
			isa = PBXResourcesBuildPhase;
			buildActionMask = 2147483647;
			files = (
			);
			runOnlyForDeploymentPostprocessing = 0;
		};
/* End PBXResourcesBuildPhase section */

/* Begin PBXSourcesBuildPhase section */
		9E353DA2291E5E6400290054 /* Sources */ = {
			isa = PBXSourcesBuildPhase;
			buildActionMask = 2147483647;
			files = (
				9E353DFE29236E2E00290054 /* DetailViewController.swift in Sources */,
				9EF498FD292BE7090034CCBC /* String +Extensions.swift in Sources */,
				9E353DEB291E742900290054 /* TaskManager.swift in Sources */,
				9E353DE1291E618E00290054 /* Task.swift in Sources */,
				9E353DAE291E5E6400290054 /* TaskListViewController.swift in Sources */,
				9E353DF3292211C400290054 /* DataProvider.swift in Sources */,
				9E353E432924C79900290054 /* APIClient.swift in Sources */,
				9E353DF72922209F00290054 /* TaskCell.swift in Sources */,
				9E353E0329239C5B00290054 /* NewTaskViewController.swift in Sources */,
				9E353DE3291E65B500290054 /* Location.swift in Sources */,
				9E353DAA291E5E6400290054 /* AppDelegate.swift in Sources */,
				9E353DAC291E5E6400290054 /* SceneDelegate.swift in Sources */,
			);
			runOnlyForDeploymentPostprocessing = 0;
		};
		9E353DB8291E5E6600290054 /* Sources */ = {
			isa = PBXSourcesBuildPhase;
			buildActionMask = 2147483647;
			files = (
				9E353DDE291E60F600290054 /* TaskTests.swift in Sources */,
				9E353E412924C66600290054 /* APIClientTest.swift in Sources */,
				9EF498FF292BE75E0034CCBC /* NewTaskViewControllerTests.swift in Sources */,
				9E353DC1291E5E6600290054 /* ToDoApp_Tests_Tests.swift in Sources */,
				9E353DFA292289EF00290054 /* TaskCellTests.swift in Sources */,
				9E353DF5292214A700290054 /* DataProviderTests.swift in Sources */,
				9E353DE8291E73CF00290054 /* TaskManagerTests.swift in Sources */,
				9E353DF12922030700290054 /* TaskListViewControllerTests.swift in Sources */,
				9E353DE5291E69CD00290054 /* LocationTests.swift in Sources */,
				9E353DFC29236D9400290054 /* DetailViewControllerTests.swift in Sources */,
			);
			runOnlyForDeploymentPostprocessing = 0;
		};
		9E353DC2291E5E6600290054 /* Sources */ = {
			isa = PBXSourcesBuildPhase;
			buildActionMask = 2147483647;
			files = (
				9E353DCD291E5E6600290054 /* ToDoApp_Tests_UITestsLaunchTests.swift in Sources */,
				9E353DCB291E5E6600290054 /* ToDoApp_Tests_UITests.swift in Sources */,
			);
			runOnlyForDeploymentPostprocessing = 0;
		};
/* End PBXSourcesBuildPhase section */

/* Begin PBXTargetDependency section */
		9E353DBE291E5E6600290054 /* PBXTargetDependency */ = {
			isa = PBXTargetDependency;
			target = 9E353DA5291E5E6400290054 /* ToDoApp(Tests) */;
			targetProxy = 9E353DBD291E5E6600290054 /* PBXContainerItemProxy */;
		};
		9E353DC8291E5E6600290054 /* PBXTargetDependency */ = {
			isa = PBXTargetDependency;
			target = 9E353DA5291E5E6400290054 /* ToDoApp(Tests) */;
			targetProxy = 9E353DC7291E5E6600290054 /* PBXContainerItemProxy */;
		};
/* End PBXTargetDependency section */

/* Begin PBXVariantGroup section */
		9E353DAF291E5E6400290054 /* Main.storyboard */ = {
			isa = PBXVariantGroup;
			children = (
				9E353DB0291E5E6400290054 /* Base */,
			);
			name = Main.storyboard;
			sourceTree = "<group>";
		};
		9E353DB4291E5E6600290054 /* LaunchScreen.storyboard */ = {
			isa = PBXVariantGroup;
			children = (
				9E353DB5291E5E6600290054 /* Base */,
			);
			name = LaunchScreen.storyboard;
			sourceTree = "<group>";
		};
/* End PBXVariantGroup section */

/* Begin XCBuildConfiguration section */
		9E353DCE291E5E6600290054 /* Debug */ = {
			isa = XCBuildConfiguration;
			buildSettings = {
				ALWAYS_SEARCH_USER_PATHS = NO;
				CLANG_ANALYZER_NONNULL = YES;
				CLANG_ANALYZER_NUMBER_OBJECT_CONVERSION = YES_AGGRESSIVE;
				CLANG_CXX_LANGUAGE_STANDARD = "gnu++20";
				CLANG_ENABLE_MODULES = YES;
				CLANG_ENABLE_OBJC_ARC = YES;
				CLANG_ENABLE_OBJC_WEAK = YES;
				CLANG_WARN_BLOCK_CAPTURE_AUTORELEASING = YES;
				CLANG_WARN_BOOL_CONVERSION = YES;
				CLANG_WARN_COMMA = YES;
				CLANG_WARN_CONSTANT_CONVERSION = YES;
				CLANG_WARN_DEPRECATED_OBJC_IMPLEMENTATIONS = YES;
				CLANG_WARN_DIRECT_OBJC_ISA_USAGE = YES_ERROR;
				CLANG_WARN_DOCUMENTATION_COMMENTS = YES;
				CLANG_WARN_EMPTY_BODY = YES;
				CLANG_WARN_ENUM_CONVERSION = YES;
				CLANG_WARN_INFINITE_RECURSION = YES;
				CLANG_WARN_INT_CONVERSION = YES;
				CLANG_WARN_NON_LITERAL_NULL_CONVERSION = YES;
				CLANG_WARN_OBJC_IMPLICIT_RETAIN_SELF = YES;
				CLANG_WARN_OBJC_LITERAL_CONVERSION = YES;
				CLANG_WARN_OBJC_ROOT_CLASS = YES_ERROR;
				CLANG_WARN_QUOTED_INCLUDE_IN_FRAMEWORK_HEADER = YES;
				CLANG_WARN_RANGE_LOOP_ANALYSIS = YES;
				CLANG_WARN_STRICT_PROTOTYPES = YES;
				CLANG_WARN_SUSPICIOUS_MOVE = YES;
				CLANG_WARN_UNGUARDED_AVAILABILITY = YES_AGGRESSIVE;
				CLANG_WARN_UNREACHABLE_CODE = YES;
				CLANG_WARN__DUPLICATE_METHOD_MATCH = YES;
				COPY_PHASE_STRIP = NO;
				DEBUG_INFORMATION_FORMAT = dwarf;
				ENABLE_STRICT_OBJC_MSGSEND = YES;
				ENABLE_TESTABILITY = YES;
				GCC_C_LANGUAGE_STANDARD = gnu11;
				GCC_DYNAMIC_NO_PIC = NO;
				GCC_NO_COMMON_BLOCKS = YES;
				GCC_OPTIMIZATION_LEVEL = 0;
				GCC_PREPROCESSOR_DEFINITIONS = (
					"DEBUG=1",
					"$(inherited)",
				);
				GCC_WARN_64_TO_32_BIT_CONVERSION = YES;
				GCC_WARN_ABOUT_RETURN_TYPE = YES_ERROR;
				GCC_WARN_UNDECLARED_SELECTOR = YES;
				GCC_WARN_UNINITIALIZED_AUTOS = YES_AGGRESSIVE;
				GCC_WARN_UNUSED_FUNCTION = YES;
				GCC_WARN_UNUSED_VARIABLE = YES;
				IPHONEOS_DEPLOYMENT_TARGET = 16.1;
				MTL_ENABLE_DEBUG_INFO = INCLUDE_SOURCE;
				MTL_FAST_MATH = YES;
				ONLY_ACTIVE_ARCH = YES;
				SDKROOT = iphoneos;
				SWIFT_ACTIVE_COMPILATION_CONDITIONS = DEBUG;
				SWIFT_OPTIMIZATION_LEVEL = "-Onone";
			};
			name = Debug;
		};
		9E353DCF291E5E6600290054 /* Release */ = {
			isa = XCBuildConfiguration;
			buildSettings = {
				ALWAYS_SEARCH_USER_PATHS = NO;
				CLANG_ANALYZER_NONNULL = YES;
				CLANG_ANALYZER_NUMBER_OBJECT_CONVERSION = YES_AGGRESSIVE;
				CLANG_CXX_LANGUAGE_STANDARD = "gnu++20";
				CLANG_ENABLE_MODULES = YES;
				CLANG_ENABLE_OBJC_ARC = YES;
				CLANG_ENABLE_OBJC_WEAK = YES;
				CLANG_WARN_BLOCK_CAPTURE_AUTORELEASING = YES;
				CLANG_WARN_BOOL_CONVERSION = YES;
				CLANG_WARN_COMMA = YES;
				CLANG_WARN_CONSTANT_CONVERSION = YES;
				CLANG_WARN_DEPRECATED_OBJC_IMPLEMENTATIONS = YES;
				CLANG_WARN_DIRECT_OBJC_ISA_USAGE = YES_ERROR;
				CLANG_WARN_DOCUMENTATION_COMMENTS = YES;
				CLANG_WARN_EMPTY_BODY = YES;
				CLANG_WARN_ENUM_CONVERSION = YES;
				CLANG_WARN_INFINITE_RECURSION = YES;
				CLANG_WARN_INT_CONVERSION = YES;
				CLANG_WARN_NON_LITERAL_NULL_CONVERSION = YES;
				CLANG_WARN_OBJC_IMPLICIT_RETAIN_SELF = YES;
				CLANG_WARN_OBJC_LITERAL_CONVERSION = YES;
				CLANG_WARN_OBJC_ROOT_CLASS = YES_ERROR;
				CLANG_WARN_QUOTED_INCLUDE_IN_FRAMEWORK_HEADER = YES;
				CLANG_WARN_RANGE_LOOP_ANALYSIS = YES;
				CLANG_WARN_STRICT_PROTOTYPES = YES;
				CLANG_WARN_SUSPICIOUS_MOVE = YES;
				CLANG_WARN_UNGUARDED_AVAILABILITY = YES_AGGRESSIVE;
				CLANG_WARN_UNREACHABLE_CODE = YES;
				CLANG_WARN__DUPLICATE_METHOD_MATCH = YES;
				COPY_PHASE_STRIP = NO;
				DEBUG_INFORMATION_FORMAT = "dwarf-with-dsym";
				ENABLE_NS_ASSERTIONS = NO;
				ENABLE_STRICT_OBJC_MSGSEND = YES;
				GCC_C_LANGUAGE_STANDARD = gnu11;
				GCC_NO_COMMON_BLOCKS = YES;
				GCC_WARN_64_TO_32_BIT_CONVERSION = YES;
				GCC_WARN_ABOUT_RETURN_TYPE = YES_ERROR;
				GCC_WARN_UNDECLARED_SELECTOR = YES;
				GCC_WARN_UNINITIALIZED_AUTOS = YES_AGGRESSIVE;
				GCC_WARN_UNUSED_FUNCTION = YES;
				GCC_WARN_UNUSED_VARIABLE = YES;
				IPHONEOS_DEPLOYMENT_TARGET = 16.1;
				MTL_ENABLE_DEBUG_INFO = NO;
				MTL_FAST_MATH = YES;
				SDKROOT = iphoneos;
				SWIFT_COMPILATION_MODE = wholemodule;
				SWIFT_OPTIMIZATION_LEVEL = "-O";
				VALIDATE_PRODUCT = YES;
			};
			name = Release;
		};
		9E353DD1291E5E6600290054 /* Debug */ = {
			isa = XCBuildConfiguration;
			buildSettings = {
				ASSETCATALOG_COMPILER_APPICON_NAME = AppIcon;
				ASSETCATALOG_COMPILER_GLOBAL_ACCENT_COLOR_NAME = AccentColor;
				CODE_SIGN_STYLE = Automatic;
				CURRENT_PROJECT_VERSION = 1;
				DEVELOPMENT_TEAM = 52V9YXPJQB;
				GENERATE_INFOPLIST_FILE = YES;
				INFOPLIST_FILE = "ToDoApp(Tests)/Supporting Files/Info.plist";
				INFOPLIST_KEY_UIApplicationSupportsIndirectInputEvents = YES;
				INFOPLIST_KEY_UILaunchStoryboardName = LaunchScreen;
				INFOPLIST_KEY_UIMainStoryboardFile = Main;
				INFOPLIST_KEY_UISupportedInterfaceOrientations = UIInterfaceOrientationPortrait;
				INFOPLIST_KEY_UISupportedInterfaceOrientations_iPad = "UIInterfaceOrientationLandscapeLeft UIInterfaceOrientationLandscapeRight UIInterfaceOrientationPortrait UIInterfaceOrientationPortraitUpsideDown";
				LD_RUNPATH_SEARCH_PATHS = (
					"$(inherited)",
					"@executable_path/Frameworks",
				);
				MARKETING_VERSION = 1.0;
				PRODUCT_BUNDLE_IDENTIFIER = "prokodan.ToDoApp-Tests-";
				PRODUCT_NAME = "$(TARGET_NAME)";
				SUPPORTED_PLATFORMS = "iphoneos iphonesimulator";
				SUPPORTS_MACCATALYST = NO;
				SUPPORTS_MAC_DESIGNED_FOR_IPHONE_IPAD = NO;
				SWIFT_EMIT_LOC_STRINGS = YES;
				SWIFT_VERSION = 5.0;
				TARGETED_DEVICE_FAMILY = 1;
			};
			name = Debug;
		};
		9E353DD2291E5E6600290054 /* Release */ = {
			isa = XCBuildConfiguration;
			buildSettings = {
				ASSETCATALOG_COMPILER_APPICON_NAME = AppIcon;
				ASSETCATALOG_COMPILER_GLOBAL_ACCENT_COLOR_NAME = AccentColor;
				CODE_SIGN_STYLE = Automatic;
				CURRENT_PROJECT_VERSION = 1;
				DEVELOPMENT_TEAM = 52V9YXPJQB;
				GENERATE_INFOPLIST_FILE = YES;
				INFOPLIST_FILE = "ToDoApp(Tests)/Supporting Files/Info.plist";
				INFOPLIST_KEY_UIApplicationSupportsIndirectInputEvents = YES;
				INFOPLIST_KEY_UILaunchStoryboardName = LaunchScreen;
				INFOPLIST_KEY_UIMainStoryboardFile = Main;
				INFOPLIST_KEY_UISupportedInterfaceOrientations = UIInterfaceOrientationPortrait;
				INFOPLIST_KEY_UISupportedInterfaceOrientations_iPad = "UIInterfaceOrientationLandscapeLeft UIInterfaceOrientationLandscapeRight UIInterfaceOrientationPortrait UIInterfaceOrientationPortraitUpsideDown";
				LD_RUNPATH_SEARCH_PATHS = (
					"$(inherited)",
					"@executable_path/Frameworks",
				);
				MARKETING_VERSION = 1.0;
				PRODUCT_BUNDLE_IDENTIFIER = "prokodan.ToDoApp-Tests-";
				PRODUCT_NAME = "$(TARGET_NAME)";
				SUPPORTED_PLATFORMS = "iphoneos iphonesimulator";
				SUPPORTS_MACCATALYST = NO;
				SUPPORTS_MAC_DESIGNED_FOR_IPHONE_IPAD = NO;
				SWIFT_EMIT_LOC_STRINGS = YES;
				SWIFT_VERSION = 5.0;
				TARGETED_DEVICE_FAMILY = 1;
			};
			name = Release;
		};
		9E353DD4291E5E6600290054 /* Debug */ = {
			isa = XCBuildConfiguration;
			buildSettings = {
				ALWAYS_EMBED_SWIFT_STANDARD_LIBRARIES = YES;
				BUNDLE_LOADER = "$(TEST_HOST)";
				CODE_SIGN_STYLE = Automatic;
				CURRENT_PROJECT_VERSION = 1;
				DEVELOPMENT_TEAM = 52V9YXPJQB;
				GENERATE_INFOPLIST_FILE = YES;
				IPHONEOS_DEPLOYMENT_TARGET = 16.1;
				MARKETING_VERSION = 1.0;
				PRODUCT_BUNDLE_IDENTIFIER = "prokodan.ToDoApp-Tests-Tests";
				PRODUCT_NAME = "$(TARGET_NAME)";
				SWIFT_EMIT_LOC_STRINGS = NO;
				SWIFT_VERSION = 5.0;
				TARGETED_DEVICE_FAMILY = "1,2";
				TEST_HOST = "$(BUILT_PRODUCTS_DIR)/ToDoApp(Tests).app/$(BUNDLE_EXECUTABLE_FOLDER_PATH)/ToDoApp(Tests)";
			};
			name = Debug;
		};
		9E353DD5291E5E6600290054 /* Release */ = {
			isa = XCBuildConfiguration;
			buildSettings = {
				ALWAYS_EMBED_SWIFT_STANDARD_LIBRARIES = YES;
				BUNDLE_LOADER = "$(TEST_HOST)";
				CODE_SIGN_STYLE = Automatic;
				CURRENT_PROJECT_VERSION = 1;
				DEVELOPMENT_TEAM = 52V9YXPJQB;
				GENERATE_INFOPLIST_FILE = YES;
				IPHONEOS_DEPLOYMENT_TARGET = 16.1;
				MARKETING_VERSION = 1.0;
				PRODUCT_BUNDLE_IDENTIFIER = "prokodan.ToDoApp-Tests-Tests";
				PRODUCT_NAME = "$(TARGET_NAME)";
				SWIFT_EMIT_LOC_STRINGS = NO;
				SWIFT_VERSION = 5.0;
				TARGETED_DEVICE_FAMILY = "1,2";
				TEST_HOST = "$(BUILT_PRODUCTS_DIR)/ToDoApp(Tests).app/$(BUNDLE_EXECUTABLE_FOLDER_PATH)/ToDoApp(Tests)";
			};
			name = Release;
		};
		9E353DD7291E5E6600290054 /* Debug */ = {
			isa = XCBuildConfiguration;
			buildSettings = {
				ALWAYS_EMBED_SWIFT_STANDARD_LIBRARIES = YES;
				CODE_SIGN_STYLE = Automatic;
				CURRENT_PROJECT_VERSION = 1;
				DEVELOPMENT_TEAM = 52V9YXPJQB;
				GENERATE_INFOPLIST_FILE = YES;
				MARKETING_VERSION = 1.0;
				PRODUCT_BUNDLE_IDENTIFIER = "prokodan.ToDoApp-Tests-UITests";
				PRODUCT_NAME = "$(TARGET_NAME)";
				SWIFT_EMIT_LOC_STRINGS = NO;
				SWIFT_VERSION = 5.0;
				TARGETED_DEVICE_FAMILY = "1,2";
				TEST_TARGET_NAME = "ToDoApp(Tests)";
			};
			name = Debug;
		};
		9E353DD8291E5E6600290054 /* Release */ = {
			isa = XCBuildConfiguration;
			buildSettings = {
				ALWAYS_EMBED_SWIFT_STANDARD_LIBRARIES = YES;
				CODE_SIGN_STYLE = Automatic;
				CURRENT_PROJECT_VERSION = 1;
				DEVELOPMENT_TEAM = 52V9YXPJQB;
				GENERATE_INFOPLIST_FILE = YES;
				MARKETING_VERSION = 1.0;
				PRODUCT_BUNDLE_IDENTIFIER = "prokodan.ToDoApp-Tests-UITests";
				PRODUCT_NAME = "$(TARGET_NAME)";
				SWIFT_EMIT_LOC_STRINGS = NO;
				SWIFT_VERSION = 5.0;
				TARGETED_DEVICE_FAMILY = "1,2";
				TEST_TARGET_NAME = "ToDoApp(Tests)";
			};
			name = Release;
		};
/* End XCBuildConfiguration section */

/* Begin XCConfigurationList section */
		9E353DA1291E5E6400290054 /* Build configuration list for PBXProject "ToDoApp(Tests)" */ = {
			isa = XCConfigurationList;
			buildConfigurations = (
				9E353DCE291E5E6600290054 /* Debug */,
				9E353DCF291E5E6600290054 /* Release */,
			);
			defaultConfigurationIsVisible = 0;
			defaultConfigurationName = Release;
		};
		9E353DD0291E5E6600290054 /* Build configuration list for PBXNativeTarget "ToDoApp(Tests)" */ = {
			isa = XCConfigurationList;
			buildConfigurations = (
				9E353DD1291E5E6600290054 /* Debug */,
				9E353DD2291E5E6600290054 /* Release */,
			);
			defaultConfigurationIsVisible = 0;
			defaultConfigurationName = Release;
		};
		9E353DD3291E5E6600290054 /* Build configuration list for PBXNativeTarget "ToDoApp(Tests)Tests" */ = {
			isa = XCConfigurationList;
			buildConfigurations = (
				9E353DD4291E5E6600290054 /* Debug */,
				9E353DD5291E5E6600290054 /* Release */,
			);
			defaultConfigurationIsVisible = 0;
			defaultConfigurationName = Release;
		};
		9E353DD6291E5E6600290054 /* Build configuration list for PBXNativeTarget "ToDoApp(Tests)UITests" */ = {
			isa = XCConfigurationList;
			buildConfigurations = (
				9E353DD7291E5E6600290054 /* Debug */,
				9E353DD8291E5E6600290054 /* Release */,
			);
			defaultConfigurationIsVisible = 0;
			defaultConfigurationName = Release;
		};
/* End XCConfigurationList section */
	};
	rootObject = 9E353D9E291E5E6400290054 /* Project object */;
}
