// !$*UTF8*$!
{
	archiveVersion = 1;
	classes = {
	};
	objectVersion = 56;
	objects = {

/* Begin PBXBuildFile section */
		9E353DAA291E5E6400290054 /* AppDelegate.swift in Sources */ = {isa = PBXBuildFile; fileRef = 9E353DA9291E5E6400290054 /* AppDelegate.swift */; };
		9E353DAC291E5E6400290054 /* SceneDelegate.swift in Sources */ = {isa = PBXBuildFile; fileRef = 9E353DAB291E5E6400290054 /* SceneDelegate.swift */; };
		9E353DAE291E5E6400290054 /* ViewController.swift in Sources */ = {isa = PBXBuildFile; fileRef = 9E353DAD291E5E6400290054 /* ViewController.swift */; };
		9E353DB1291E5E6400290054 /* Main.storyboard in Resources */ = {isa = PBXBuildFile; fileRef = 9E353DAF291E5E6400290054 /* Main.storyboard */; };
		9E353DB3291E5E6600290054 /* Assets.xcassets in Resources */ = {isa = PBXBuildFile; fileRef = 9E353DB2291E5E6600290054 /* Assets.xcassets */; };
		9E353DB6291E5E6600290054 /* LaunchScreen.storyboard in Resources */ = {isa = PBXBuildFile; fileRef = 9E353DB4291E5E6600290054 /* LaunchScreen.storyboard */; };
		9E353DC1291E5E6600290054 /* ToDoApp_Tests_Tests.swift in Sources */ = {isa = PBXBuildFile; fileRef = 9E353DC0291E5E6600290054 /* ToDoApp_Tests_Tests.swift */; };
		9E353DCB291E5E6600290054 /* ToDoApp_Tests_UITests.swift in Sources */ = {isa = PBXBuildFile; fileRef = 9E353DCA291E5E6600290054 /* ToDoApp_Tests_UITests.swift */; };
		9E353DCD291E5E6600290054 /* ToDoApp_Tests_UITestsLaunchTests.swift in Sources */ = {isa = PBXBuildFile; fileRef = 9E353DCC291E5E6600290054 /* ToDoApp_Tests_UITestsLaunchTests.swift */; };
/* End PBXBuildFile section */

/* Begin PBXContainerItemProxy section */
		9E353DBD291E5E6600290054 /* PBXContainerItemProxy */ = {
			isa = PBXContainerItemProxy;
			containerPortal = 9E353D9E291E5E6400290054 /* Project object */;
			proxyType = 1;
			remoteGlobalIDString = 9E353DA5291E5E6400290054;
			remoteInfo = "ToDoApp(Tests)";
		};
		9E353DC7291E5E6600290054 /* PBXContainerItemProxy */ = {
			isa = PBXContainerItemProxy;
			containerPortal = 9E353D9E291E5E6400290054 /* Project object */;
			proxyType = 1;
			remoteGlobalIDString = 9E353DA5291E5E6400290054;
			remoteInfo = "ToDoApp(Tests)";
		};
/* End PBXContainerItemProxy section */

/* Begin PBXFileReference section */
		9E353DA6291E5E6400290054 /* ToDoApp(Tests).app */ = {isa = PBXFileReference; explicitFileType = wrapper.application; includeInIndex = 0; path = "ToDoApp(Tests).app"; sourceTree = BUILT_PRODUCTS_DIR; };
		9E353DA9291E5E6400290054 /* AppDelegate.swift */ = {isa = PBXFileReference; lastKnownFileType = sourcecode.swift; path = AppDelegate.swift; sourceTree = "<group>"; };
		9E353DAB291E5E6400290054 /* SceneDelegate.swift */ = {isa = PBXFileReference; lastKnownFileType = sourcecode.swift; path = SceneDelegate.swift; sourceTree = "<group>"; };
		9E353DAD291E5E6400290054 /* ViewController.swift */ = {isa = PBXFileReference; lastKnownFileType = sourcecode.swift; path = ViewController.swift; sourceTree = "<group>"; };
		9E353DB0291E5E6400290054 /* Base */ = {isa = PBXFileReference; lastKnownFileType = file.storyboard; name = Base; path = Base.lproj/Main.storyboard; sourceTree = "<group>"; };
		9E353DB2291E5E6600290054 /* Assets.xcassets */ = {isa = PBXFileReference; lastKnownFileType = folder.assetcatalog; path = Assets.xcassets; sourceTree = "<group>"; };
		9E353DB5291E5E6600290054 /* Base */ = {isa = PBXFileReference; lastKnownFileType = file.storyboard; name = Base; path = Base.lproj/LaunchScreen.storyboard; sourceTree = "<group>"; };
		9E353DB7291E5E6600290054 /* Info.plist */ = {isa = PBXFileReference; lastKnownFileType = text.plist.xml; path = Info.plist; sourceTree = "<group>"; };
		9E353DBC291E5E6600290054 /* ToDoApp(Tests)Tests.xctest */ = {isa = PBXFileReference; explicitFileType = wrapper.cfbundle; includeInIndex = 0; path = "ToDoApp(Tests)Tests.xctest"; sourceTree = BUILT_PRODUCTS_DIR; };
		9E353DC0291E5E6600290054 /* ToDoApp_Tests_Tests.swift */ = {isa = PBXFileReference; lastKnownFileType = sourcecode.swift; path = ToDoApp_Tests_Tests.swift; sourceTree = "<group>"; };
		9E353DC6291E5E6600290054 /* ToDoApp(Tests)UITests.xctest */ = {isa = PBXFileReference; explicitFileType = wrapper.cfbundle; includeInIndex = 0; path = "ToDoApp(Tests)UITests.xctest"; sourceTree = BUILT_PRODUCTS_DIR; };
		9E353DCA291E5E6600290054 /* ToDoApp_Tests_UITests.swift */ = {isa = PBXFileReference; lastKnownFileType = sourcecode.swift; path = ToDoApp_Tests_UITests.swift; sourceTree = "<group>"; };
		9E353DCC291E5E6600290054 /* ToDoApp_Tests_UITestsLaunchTests.swift */ = {isa = PBXFileReference; lastKnownFileType = sourcecode.swift; path = ToDoApp_Tests_UITestsLaunchTests.swift; sourceTree = "<group>"; };
/* End PBXFileReference section */

/* Begin PBXFrameworksBuildPhase section */
		9E353DA3291E5E6400290054 /* Frameworks */ = {
			isa = PBXFrameworksBuildPhase;
			buildActionMask = 2147483647;
			files = (
			);
			runOnlyForDeploymentPostprocessing = 0;
		};
		9E353DB9291E5E6600290054 /* Frameworks */ = {
			isa = PBXFrameworksBuildPhase;
			buildActionMask = 2147483647;
			files = (
			);
			runOnlyForDeploymentPostprocessing = 0;
		};
		9E353DC3291E5E6600290054 /* Frameworks */ = {
			isa = PBXFrameworksBuildPhase;
			buildActionMask = 2147483647;
			files = (
			);
			runOnlyForDeploymentPostprocessing = 0;
		};
/* End PBXFrameworksBuildPhase section */

/* Begin PBXGroup section */
		9E353D9D291E5E6400290054 = {
			isa = PBXGroup;
			children = (
				9E353DA8291E5E6400290054 /* ToDoApp(Tests) */,
				9E353DBF291E5E6600290054 /* ToDoApp(Tests)Tests */,
				9E353DC9291E5E6600290054 /* ToDoApp(Tests)UITests */,
				9E353DA7291E5E6400290054 /* Products */,
			);
			sourceTree = "<group>";
		};
		9E353DA7291E5E6400290054 /* Products */ = {
			isa = PBXGroup;
			children = (
				9E353DA6291E5E6400290054 /* ToDoApp(Tests).app */,
				9E353DBC291E5E6600290054 /* ToDoApp(Tests)Tests.xctest */,
				9E353DC6291E5E6600290054 /* ToDoApp(Tests)UITests.xctest */,
			);
			name = Products;
			sourceTree = "<group>";
		};
		9E353DA8291E5E6400290054 /* ToDoApp(Tests) */ = {
			isa = PBXGroup;
			children = (
				9E353DA9291E5E6400290054 /* AppDelegate.swift */,
				9E353DAB291E5E6400290054 /* SceneDelegate.swift */,
				9E353DAD291E5E6400290054 /* ViewController.swift */,
				9E353DAF291E5E6400290054 /* Main.storyboard */,
				9E353DB2291E5E6600290054 /* Assets.xcassets */,
				9E353DB4291E5E6600290054 /* LaunchScreen.storyboard */,
				9E353DB7291E5E6600290054 /* Info.plist */,
			);
			path = "ToDoApp(Tests)";
			sourceTree = "<group>";
		};
		9E353DBF291E5E6600290054 /* ToDoApp(Tests)Tests */ = {
			isa = PBXGroup;
			children = (
				9E353DC0291E5E6600290054 /* ToDoApp_Tests_Tests.swift */,
			);
			path = "ToDoApp(Tests)Tests";
			sourceTree = "<group>";
		};
		9E353DC9291E5E6600290054 /* ToDoApp(Tests)UITests */ = {
			isa = PBXGroup;
			children = (
				9E353DCA291E5E6600290054 /* ToDoApp_Tests_UITests.swift */,
				9E353DCC291E5E6600290054 /* ToDoApp_Tests_UITestsLaunchTests.swift */,
			);
			path = "ToDoApp(Tests)UITests";
			sourceTree = "<group>";
		};
/* End PBXGroup section */

/* Begin PBXNativeTarget section */
		9E353DA5291E5E6400290054 /* ToDoApp(Tests) */ = {
			isa = PBXNativeTarget;
			buildConfigurationList = 9E353DD0291E5E6600290054 /* Build configuration list for PBXNativeTarget "ToDoApp(Tests)" */;
			buildPhases = (
				9E353DA2291E5E6400290054 /* Sources */,
				9E353DA3291E5E6400290054 /* Frameworks */,
				9E353DA4291E5E6400290054 /* Resources */,
			);
			buildRules = (
			);
			dependencies = (
			);
			name = "ToDoApp(Tests)";
			productName = "ToDoApp(Tests)";
			productReference = 9E353DA6291E5E6400290054 /* ToDoApp(Tests).app */;
			productType = "com.apple.product-type.application";
		};
		9E353DBB291E5E6600290054 /* ToDoApp(Tests)Tests */ = {
			isa = PBXNativeTarget;
			buildConfigurationList = 9E353DD3291E5E6600290054 /* Build configuration list for PBXNativeTarget "ToDoApp(Tests)Tests" */;
			buildPhases = (
				9E353DB8291E5E6600290054 /* Sources */,
				9E353DB9291E5E6600290054 /* Frameworks */,
				9E353DBA291E5E6600290054 /* Resources */,
			);
			buildRules = (
			);
			dependencies = (
				9E353DBE291E5E6600290054 /* PBXTargetDependency */,
			);
			name = "ToDoApp(Tests)Tests";
			productName = "ToDoApp(Tests)Tests";
			productReference = 9E353DBC291E5E6600290054 /* ToDoApp(Tests)Tests.xctest */;
			productType = "com.apple.product-type.bundle.unit-test";
		};
		9E353DC5291E5E6600290054 /* ToDoApp(Tests)UITests */ = {
			isa = PBXNativeTarget;
			buildConfigurationList = 9E353DD6291E5E6600290054 /* Build configuration list for PBXNativeTarget "ToDoApp(Tests)UITests" */;
			buildPhases = (
				9E353DC2291E5E6600290054 /* Sources */,
				9E353DC3291E5E6600290054 /* Frameworks */,
				9E353DC4291E5E6600290054 /* Resources */,
			);
			buildRules = (
			);
			dependencies = (
				9E353DC8291E5E6600290054 /* PBXTargetDependency */,
			);
			name = "ToDoApp(Tests)UITests";
			productName = "ToDoApp(Tests)UITests";
			productReference = 9E353DC6291E5E6600290054 /* ToDoApp(Tests)UITests.xctest */;
			productType = "com.apple.product-type.bundle.ui-testing";
		};
/* End PBXNativeTarget section */

/* Begin PBXProject section */
		9E353D9E291E5E6400290054 /* Project object */ = {
			isa = PBXProject;
			attributes = {
				BuildIndependentTargetsInParallel = 1;
				LastSwiftUpdateCheck = 1410;
				LastUpgradeCheck = 1410;
				TargetAttributes = {
					9E353DA5291E5E6400290054 = {
						CreatedOnToolsVersion = 14.1;
					};
					9E353DBB291E5E6600290054 = {
						CreatedOnToolsVersion = 14.1;
						TestTargetID = 9E353DA5291E5E6400290054;
					};
					9E353DC5291E5E6600290054 = {
						CreatedOnToolsVersion = 14.1;
						TestTargetID = 9E353DA5291E5E6400290054;
					};
				};
			};
			buildConfigurationList = 9E353DA1291E5E6400290054 /* Build configuration list for PBXProject "ToDoApp(Tests)" */;
			compatibilityVersion = "Xcode 14.0";
			developmentRegion = en;
			hasScannedForEncodings = 0;
			knownRegions = (
				en,
				Base,
			);
			mainGroup = 9E353D9D291E5E6400290054;
			productRefGroup = 9E353DA7291E5E6400290054 /* Products */;
			projectDirPath = "";
			projectRoot = "";
			targets = (
				9E353DA5291E5E6400290054 /* ToDoApp(Tests) */,
				9E353DBB291E5E6600290054 /* ToDoApp(Tests)Tests */,
				9E353DC5291E5E6600290054 /* ToDoApp(Tests)UITests */,
			);
		};
/* End PBXProject section */

/* Begin PBXResourcesBuildPhase section */
		9E353DA4291E5E6400290054 /* Resources */ = {
			isa = PBXResourcesBuildPhase;
			buildActionMask = 2147483647;
			files = (
				9E353DB6291E5E6600290054 /* LaunchScreen.storyboard in Resources */,
				9E353DB3291E5E6600290054 /* Assets.xcassets in Resources */,
				9E353DB1291E5E6400290054 /* Main.storyboard in Resources */,
			);
			runOnlyForDeploymentPostprocessing = 0;
		};
		9E353DBA291E5E6600290054 /* Resources */ = {
			isa = PBXResourcesBuildPhase;
			buildActionMask = 2147483647;
			files = (
			);
			runOnlyForDeploymentPostprocessing = 0;
		};
		9E353DC4291E5E6600290054 /* Resources */ = {
			isa = PBXResourcesBuildPhase;
			buildActionMask = 2147483647;
			files = (
			);
			runOnlyForDeploymentPostprocessing = 0;
		};
/* End PBXResourcesBuildPhase section */

/* Begin PBXSourcesBuildPhase section */
		9E353DA2291E5E6400290054 /* Sources */ = {
			isa = PBXSourcesBuildPhase;
			buildActionMask = 2147483647;
			files = (
				9E353DAE291E5E6400290054 /* ViewController.swift in Sources */,
				9E353DAA291E5E6400290054 /* AppDelegate.swift in Sources */,
				9E353DAC291E5E6400290054 /* SceneDelegate.swift in Sources */,
			);
			runOnlyForDeploymentPostprocessing = 0;
		};
		9E353DB8291E5E6600290054 /* Sources */ = {
			isa = PBXSourcesBuildPhase;
			buildActionMask = 2147483647;
			files = (
				9E353DC1291E5E6600290054 /* ToDoApp_Tests_Tests.swift in Sources */,
			);
			runOnlyForDeploymentPostprocessing = 0;
		};
		9E353DC2291E5E6600290054 /* Sources */ = {
			isa = PBXSourcesBuildPhase;
			buildActionMask = 2147483647;
			files = (
				9E353DCD291E5E6600290054 /* ToDoApp_Tests_UITestsLaunchTests.swift in Sources */,
				9E353DCB291E5E6600290054 /* ToDoApp_Tests_UITests.swift in Sources */,
			);
			runOnlyForDeploymentPostprocessing = 0;
		};
/* End PBXSourcesBuildPhase section */

/* Begin PBXTargetDependency section */
		9E353DBE291E5E6600290054 /* PBXTargetDependency */ = {
			isa = PBXTargetDependency;
			target = 9E353DA5291E5E6400290054 /* ToDoApp(Tests) */;
			targetProxy = 9E353DBD291E5E6600290054 /* PBXContainerItemProxy */;
		};
		9E353DC8291E5E6600290054 /* PBXTargetDependency */ = {
			isa = PBXTargetDependency;
			target = 9E353DA5291E5E6400290054 /* ToDoApp(Tests) */;
			targetProxy = 9E353DC7291E5E6600290054 /* PBXContainerItemProxy */;
		};
/* End PBXTargetDependency section */

/* Begin PBXVariantGroup section */
		9E353DAF291E5E6400290054 /* Main.storyboard */ = {
			isa = PBXVariantGroup;
			children = (
				9E353DB0291E5E6400290054 /* Base */,
			);
			name = Main.storyboard;
			sourceTree = "<group>";
		};
		9E353DB4291E5E6600290054 /* LaunchScreen.storyboard */ = {
			isa = PBXVariantGroup;
			children = (
				9E353DB5291E5E6600290054 /* Base */,
			);
			name = LaunchScreen.storyboard;
			sourceTree = "<group>";
		};
/* End PBXVariantGroup section */

/* Begin XCBuildConfiguration section */
		9E353DCE291E5E6600290054 /* Debug */ = {
			isa = XCBuildConfiguration;
			buildSettings = {
				ALWAYS_SEARCH_USER_PATHS = NO;
				CLANG_ANALYZER_NONNULL = YES;
				CLANG_ANALYZER_NUMBER_OBJECT_CONVERSION = YES_AGGRESSIVE;
				CLANG_CXX_LANGUAGE_STANDARD = "gnu++20";
				CLANG_ENABLE_MODULES = YES;
				CLANG_ENABLE_OBJC_ARC = YES;
				CLANG_ENABLE_OBJC_WEAK = YES;
				CLANG_WARN_BLOCK_CAPTURE_AUTORELEASING = YES;
				CLANG_WARN_BOOL_CONVERSION = YES;
				CLANG_WARN_COMMA = YES;
				CLANG_WARN_CONSTANT_CONVERSION = YES;
				CLANG_WARN_DEPRECATED_OBJC_IMPLEMENTATIONS = YES;
				CLANG_WARN_DIRECT_OBJC_ISA_USAGE = YES_ERROR;
				CLANG_WARN_DOCUMENTATION_COMMENTS = YES;
				CLANG_WARN_EMPTY_BODY = YES;
				CLANG_WARN_ENUM_CONVERSION = YES;
				CLANG_WARN_INFINITE_RECURSION = YES;
				CLANG_WARN_INT_CONVERSION = YES;
				CLANG_WARN_NON_LITERAL_NULL_CONVERSION = YES;
				CLANG_WARN_OBJC_IMPLICIT_RETAIN_SELF = YES;
				CLANG_WARN_OBJC_LITERAL_CONVERSION = YES;
				CLANG_WARN_OBJC_ROOT_CLASS = YES_ERROR;
				CLANG_WARN_QUOTED_INCLUDE_IN_FRAMEWORK_HEADER = YES;
				CLANG_WARN_RANGE_LOOP_ANALYSIS = YES;
				CLANG_WARN_STRICT_PROTOTYPES = YES;
				CLANG_WARN_SUSPICIOUS_MOVE = YES;
				CLANG_WARN_UNGUARDED_AVAILABILITY = YES_AGGRESSIVE;
				CLANG_WARN_UNREACHABLE_CODE = YES;
				CLANG_WARN__DUPLICATE_METHOD_MATCH = YES;
				COPY_PHASE_STRIP = NO;
				DEBUG_INFORMATION_FORMAT = dwarf;
				ENABLE_STRICT_OBJC_MSGSEND = YES;
				ENABLE_TESTABILITY = YES;
				GCC_C_LANGUAGE_STANDARD = gnu11;
				GCC_DYNAMIC_NO_PIC = NO;
				GCC_NO_COMMON_BLOCKS = YES;
				GCC_OPTIMIZATION_LEVEL = 0;
				GCC_PREPROCESSOR_DEFINITIONS = (
					"DEBUG=1",
					"$(inherited)",
				);
				GCC_WARN_64_TO_32_BIT_CONVERSION = YES;
				GCC_WARN_ABOUT_RETURN_TYPE = YES_ERROR;
				GCC_WARN_UNDECLARED_SELECTOR = YES;
				GCC_WARN_UNINITIALIZED_AUTOS = YES_AGGRESSIVE;
				GCC_WARN_UNUSED_FUNCTION = YES;
				GCC_WARN_UNUSED_VARIABLE = YES;
				IPHONEOS_DEPLOYMENT_TARGET = 16.1;
				MTL_ENABLE_DEBUG_INFO = INCLUDE_SOURCE;
				MTL_FAST_MATH = YES;
				ONLY_ACTIVE_ARCH = YES;
				SDKROOT = iphoneos;
				SWIFT_ACTIVE_COMPILATION_CONDITIONS = DEBUG;
				SWIFT_OPTIMIZATION_LEVEL = "-Onone";
			};
			name = Debug;
		};
		9E353DCF291E5E6600290054 /* Release */ = {
			isa = XCBuildConfiguration;
			buildSettings = {
				ALWAYS_SEARCH_USER_PATHS = NO;
				CLANG_ANALYZER_NONNULL = YES;
				CLANG_ANALYZER_NUMBER_OBJECT_CONVERSION = YES_AGGRESSIVE;
				CLANG_CXX_LANGUAGE_STANDARD = "gnu++20";
				CLANG_ENABLE_MODULES = YES;
				CLANG_ENABLE_OBJC_ARC = YES;
				CLANG_ENABLE_OBJC_WEAK = YES;
				CLANG_WARN_BLOCK_CAPTURE_AUTORELEASING = YES;
				CLANG_WARN_BOOL_CONVERSION = YES;
				CLANG_WARN_COMMA = YES;
				CLANG_WARN_CONSTANT_CONVERSION = YES;
				CLANG_WARN_DEPRECATED_OBJC_IMPLEMENTATIONS = YES;
				CLANG_WARN_DIRECT_OBJC_ISA_USAGE = YES_ERROR;
				CLANG_WARN_DOCUMENTATION_COMMENTS = YES;
				CLANG_WARN_EMPTY_BODY = YES;
				CLANG_WARN_ENUM_CONVERSION = YES;
				CLANG_WARN_INFINITE_RECURSION = YES;
				CLANG_WARN_INT_CONVERSION = YES;
				CLANG_WARN_NON_LITERAL_NULL_CONVERSION = YES;
				CLANG_WARN_OBJC_IMPLICIT_RETAIN_SELF = YES;
				CLANG_WARN_OBJC_LITERAL_CONVERSION = YES;
				CLANG_WARN_OBJC_ROOT_CLASS = YES_ERROR;
				CLANG_WARN_QUOTED_INCLUDE_IN_FRAMEWORK_HEADER = YES;
				CLANG_WARN_RANGE_LOOP_ANALYSIS = YES;
				CLANG_WARN_STRICT_PROTOTYPES = YES;
				CLANG_WARN_SUSPICIOUS_MOVE = YES;
				CLANG_WARN_UNGUARDED_AVAILABILITY = YES_AGGRESSIVE;
				CLANG_WARN_UNREACHABLE_CODE = YES;
				CLANG_WARN__DUPLICATE_METHOD_MATCH = YES;
				COPY_PHASE_STRIP = NO;
				DEBUG_INFORMATION_FORMAT = "dwarf-with-dsym";
				ENABLE_NS_ASSERTIONS = NO;
				ENABLE_STRICT_OBJC_MSGSEND = YES;
				GCC_C_LANGUAGE_STANDARD = gnu11;
				GCC_NO_COMMON_BLOCKS = YES;
				GCC_WARN_64_TO_32_BIT_CONVERSION = YES;
				GCC_WARN_ABOUT_RETURN_TYPE = YES_ERROR;
				GCC_WARN_UNDECLARED_SELECTOR = YES;
				GCC_WARN_UNINITIALIZED_AUTOS = YES_AGGRESSIVE;
				GCC_WARN_UNUSED_FUNCTION = YES;
				GCC_WARN_UNUSED_VARIABLE = YES;
				IPHONEOS_DEPLOYMENT_TARGET = 16.1;
				MTL_ENABLE_DEBUG_INFO = NO;
				MTL_FAST_MATH = YES;
				SDKROOT = iphoneos;
				SWIFT_COMPILATION_MODE = wholemodule;
				SWIFT_OPTIMIZATION_LEVEL = "-O";
				VALIDATE_PRODUCT = YES;
			};
			name = Release;
		};
		9E353DD1291E5E6600290054 /* Debug */ = {
			isa = XCBuildConfiguration;
			buildSettings = {
				ASSETCATALOG_COMPILER_APPICON_NAME = AppIcon;
				ASSETCATALOG_COMPILER_GLOBAL_ACCENT_COLOR_NAME = AccentColor;
				CODE_SIGN_STYLE = Automatic;
				CURRENT_PROJECT_VERSION = 1;
				DEVELOPMENT_TEAM = 52V9YXPJQB;
				GENERATE_INFOPLIST_FILE = YES;
				INFOPLIST_FILE = "ToDoApp(Tests)/Info.plist";
				INFOPLIST_KEY_UIApplicationSupportsIndirectInputEvents = YES;
				INFOPLIST_KEY_UILaunchStoryboardName = LaunchScreen;
				INFOPLIST_KEY_UIMainStoryboardFile = Main;
				INFOPLIST_KEY_UISupportedInterfaceOrientations_iPad = "UIInterfaceOrientationPortrait UIInterfaceOrientationPortraitUpsideDown UIInterfaceOrientationLandscapeLeft UIInterfaceOrientationLandscapeRight";
				INFOPLIST_KEY_UISupportedInterfaceOrientations_iPhone = "UIInterfaceOrientationPortrait UIInterfaceOrientationLandscapeLeft UIInterfaceOrientationLandscapeRight";
				LD_RUNPATH_SEARCH_PATHS = (
					"$(inherited)",
					"@executable_path/Frameworks",
				);
				MARKETING_VERSION = 1.0;
				PRODUCT_BUNDLE_IDENTIFIER = "prokodan.ToDoApp-Tests-";
				PRODUCT_NAME = "$(TARGET_NAME)";
				SWIFT_EMIT_LOC_STRINGS = YES;
				SWIFT_VERSION = 5.0;
				TARGETED_DEVICE_FAMILY = "1,2";
			};
			name = Debug;
		};
		9E353DD2291E5E6600290054 /* Release */ = {
			isa = XCBuildConfiguration;
			buildSettings = {
				ASSETCATALOG_COMPILER_APPICON_NAME = AppIcon;
				ASSETCATALOG_COMPILER_GLOBAL_ACCENT_COLOR_NAME = AccentColor;
				CODE_SIGN_STYLE = Automatic;
				CURRENT_PROJECT_VERSION = 1;
				DEVELOPMENT_TEAM = 52V9YXPJQB;
				GENERATE_INFOPLIST_FILE = YES;
				INFOPLIST_FILE = "ToDoApp(Tests)/Info.plist";
				INFOPLIST_KEY_UIApplicationSupportsIndirectInputEvents = YES;
				INFOPLIST_KEY_UILaunchStoryboardName = LaunchScreen;
				INFOPLIST_KEY_UIMainStoryboardFile = Main;
				INFOPLIST_KEY_UISupportedInterfaceOrientations_iPad = "UIInterfaceOrientationPortrait UIInterfaceOrientationPortraitUpsideDown UIInterfaceOrientationLandscapeLeft UIInterfaceOrientationLandscapeRight";
				INFOPLIST_KEY_UISupportedInterfaceOrientations_iPhone = "UIInterfaceOrientationPortrait UIInterfaceOrientationLandscapeLeft UIInterfaceOrientationLandscapeRight";
				LD_RUNPATH_SEARCH_PATHS = (
					"$(inherited)",
					"@executable_path/Frameworks",
				);
				MARKETING_VERSION = 1.0;
				PRODUCT_BUNDLE_IDENTIFIER = "prokodan.ToDoApp-Tests-";
				PRODUCT_NAME = "$(TARGET_NAME)";
				SWIFT_EMIT_LOC_STRINGS = YES;
				SWIFT_VERSION = 5.0;
				TARGETED_DEVICE_FAMILY = "1,2";
			};
			name = Release;
		};
		9E353DD4291E5E6600290054 /* Debug */ = {
			isa = XCBuildConfiguration;
			buildSettings = {
				ALWAYS_EMBED_SWIFT_STANDARD_LIBRARIES = YES;
				BUNDLE_LOADER = "$(TEST_HOST)";
				CODE_SIGN_STYLE = Automatic;
				CURRENT_PROJECT_VERSION = 1;
				DEVELOPMENT_TEAM = 52V9YXPJQB;
				GENERATE_INFOPLIST_FILE = YES;
				IPHONEOS_DEPLOYMENT_TARGET = 16.1;
				MARKETING_VERSION = 1.0;
				PRODUCT_BUNDLE_IDENTIFIER = "prokodan.ToDoApp-Tests-Tests";
				PRODUCT_NAME = "$(TARGET_NAME)";
				SWIFT_EMIT_LOC_STRINGS = NO;
				SWIFT_VERSION = 5.0;
				TARGETED_DEVICE_FAMILY = "1,2";
				TEST_HOST = "$(BUILT_PRODUCTS_DIR)/ToDoApp(Tests).app/$(BUNDLE_EXECUTABLE_FOLDER_PATH)/ToDoApp(Tests)";
			};
			name = Debug;
		};
		9E353DD5291E5E6600290054 /* Release */ = {
			isa = XCBuildConfiguration;
			buildSettings = {
				ALWAYS_EMBED_SWIFT_STANDARD_LIBRARIES = YES;
				BUNDLE_LOADER = "$(TEST_HOST)";
				CODE_SIGN_STYLE = Automatic;
				CURRENT_PROJECT_VERSION = 1;
				DEVELOPMENT_TEAM = 52V9YXPJQB;
				GENERATE_INFOPLIST_FILE = YES;
				IPHONEOS_DEPLOYMENT_TARGET = 16.1;
				MARKETING_VERSION = 1.0;
				PRODUCT_BUNDLE_IDENTIFIER = "prokodan.ToDoApp-Tests-Tests";
				PRODUCT_NAME = "$(TARGET_NAME)";
				SWIFT_EMIT_LOC_STRINGS = NO;
				SWIFT_VERSION = 5.0;
				TARGETED_DEVICE_FAMILY = "1,2";
				TEST_HOST = "$(BUILT_PRODUCTS_DIR)/ToDoApp(Tests).app/$(BUNDLE_EXECUTABLE_FOLDER_PATH)/ToDoApp(Tests)";
			};
			name = Release;
		};
		9E353DD7291E5E6600290054 /* Debug */ = {
			isa = XCBuildConfiguration;
			buildSettings = {
				ALWAYS_EMBED_SWIFT_STANDARD_LIBRARIES = YES;
				CODE_SIGN_STYLE = Automatic;
				CURRENT_PROJECT_VERSION = 1;
				DEVELOPMENT_TEAM = 52V9YXPJQB;
				GENERATE_INFOPLIST_FILE = YES;
				MARKETING_VERSION = 1.0;
				PRODUCT_BUNDLE_IDENTIFIER = "prokodan.ToDoApp-Tests-UITests";
				PRODUCT_NAME = "$(TARGET_NAME)";
				SWIFT_EMIT_LOC_STRINGS = NO;
				SWIFT_VERSION = 5.0;
				TARGETED_DEVICE_FAMILY = "1,2";
				TEST_TARGET_NAME = "ToDoApp(Tests)";
			};
			name = Debug;
		};
		9E353DD8291E5E6600290054 /* Release */ = {
			isa = XCBuildConfiguration;
			buildSettings = {
				ALWAYS_EMBED_SWIFT_STANDARD_LIBRARIES = YES;
				CODE_SIGN_STYLE = Automatic;
				CURRENT_PROJECT_VERSION = 1;
				DEVELOPMENT_TEAM = 52V9YXPJQB;
				GENERATE_INFOPLIST_FILE = YES;
				MARKETING_VERSION = 1.0;
				PRODUCT_BUNDLE_IDENTIFIER = "prokodan.ToDoApp-Tests-UITests";
				PRODUCT_NAME = "$(TARGET_NAME)";
				SWIFT_EMIT_LOC_STRINGS = NO;
				SWIFT_VERSION = 5.0;
				TARGETED_DEVICE_FAMILY = "1,2";
				TEST_TARGET_NAME = "ToDoApp(Tests)";
			};
			name = Release;
		};
/* End XCBuildConfiguration section */

/* Begin XCConfigurationList section */
		9E353DA1291E5E6400290054 /* Build configuration list for PBXProject "ToDoApp(Tests)" */ = {
			isa = XCConfigurationList;
			buildConfigurations = (
				9E353DCE291E5E6600290054 /* Debug */,
				9E353DCF291E5E6600290054 /* Release */,
			);
			defaultConfigurationIsVisible = 0;
			defaultConfigurationName = Release;
		};
		9E353DD0291E5E6600290054 /* Build configuration list for PBXNativeTarget "ToDoApp(Tests)" */ = {
			isa = XCConfigurationList;
			buildConfigurations = (
				9E353DD1291E5E6600290054 /* Debug */,
				9E353DD2291E5E6600290054 /* Release */,
			);
			defaultConfigurationIsVisible = 0;
			defaultConfigurationName = Release;
		};
		9E353DD3291E5E6600290054 /* Build configuration list for PBXNativeTarget "ToDoApp(Tests)Tests" */ = {
			isa = XCConfigurationList;
			buildConfigurations = (
				9E353DD4291E5E6600290054 /* Debug */,
				9E353DD5291E5E6600290054 /* Release */,
			);
			defaultConfigurationIsVisible = 0;
			defaultConfigurationName = Release;
		};
		9E353DD6291E5E6600290054 /* Build configuration list for PBXNativeTarget "ToDoApp(Tests)UITests" */ = {
			isa = XCConfigurationList;
			buildConfigurations = (
				9E353DD7291E5E6600290054 /* Debug */,
				9E353DD8291E5E6600290054 /* Release */,
			);
			defaultConfigurationIsVisible = 0;
			defaultConfigurationName = Release;
		};
/* End XCConfigurationList section */
	};
	rootObject = 9E353D9E291E5E6400290054 /* Project object */;
}
